# This file is automatically @generated by Poetry 2.0.1 and should not be changed by hand.

[[package]]
name = "ds"
version = "0.1"
description = "Hello World."
optional = false
python-versions = "*"
groups = ["main"]
files = []
develop = false

[package.source]
type = "git"
url = "https://github.com/cfiscella/ds.git"
reference = "HEAD"
resolved_reference = "e031719b098f71f55178a142c99aa4c366dc98be"

[metadata]
lock-version = "2.1"
python-versions = ">=3.11"
content-hash = "37635c821fd4535bdd9f8b9df4c57ccbe656fc9dabb82d11062e331b5cc1d47c"
